<?xml version="1.0" encoding="utf-8"?>
<Project ToolsVersion="4.0" xmlns="http://schemas.microsoft.com/developer/msbuild/2003">
  <ItemGroup>
    <Filter Include="源文件">
      <UniqueIdentifier>{4FC737F1-C7A5-4376-A066-2A32D752A2FF}</UniqueIdentifier>
      <Extensions>cpp;c;cc;cxx;def;odl;idl;hpj;bat;asm;asmx</Extensions>
    </Filter>
    <Filter Include="头文件">
      <UniqueIdentifier>{93995380-89BD-4b04-88EB-625FBE52EBFB}</UniqueIdentifier>
      <Extensions>h;hpp;hxx;hm;inl;inc;xsd</Extensions>
    </Filter>
    <Filter Include="资源文件">
      <UniqueIdentifier>{67DA6AB6-F800-4c08-8B7A-83BB121AAD01}</UniqueIdentifier>
      <Extensions>rc;ico;cur;bmp;dlg;rc2;rct;bin;rgs;gif;jpg;jpeg;jpe;resx;tiff;tif;png;wav</Extensions>
    </Filter>
  </ItemGroup>
  <ItemGroup>
    <ClCompile Include="Flowa.cpp">
      <Filter>源文件</Filter>
    </ClCompile>
    <ClCompile Include="FlowaDlg.cpp">
      <Filter>源文件</Filter>
    </ClCompile>
    <ClCompile Include="stdafx.cpp">
      <Filter>源文件</Filter>
    </ClCompile>
    <ClCompile Include="Subclass.cpp">
      <Filter>源文件</Filter>
    </ClCompile>
    <ClCompile Include="TrayIcon.cpp">
      <Filter>源文件</Filter>
    </ClCompile>
    <ClCompile Include="logging.cpp">
      <Filter>源文件</Filter>
    </ClCompile>
    <ClCompile Include="regparse.cpp">
      <Filter>源文件</Filter>
    </ClCompile>
    <ClCompile Include="config.cpp">
      <Filter>源文件</Filter>
    </ClCompile>
    <ClCompile Include="fileparse.cpp">
      <Filter>源文件</Filter>
    </ClCompile>
    <ClCompile Include="adapter.cpp">
      <Filter>源文件</Filter>
    </ClCompile>
    <ClCompile Include="ncrreadadapter.cpp">
      <Filter>源文件</Filter>
    </ClCompile>
    <ClCompile Include="ncrformatadapter.cpp">
      <Filter>源文件</Filter>
    </ClCompile>
    <ClCompile Include="ncrcontentadapter.cpp">
      <Filter>源文件</Filter>
    </ClCompile>
    <ClCompile Include="ncrstoringadapter.cpp">
      <Filter>源文件</Filter>
    </ClCompile>
    <ClCompile Include="xmlparse.cpp">
      <Filter>源文件</Filter>
    </ClCompile>
    <ClCompile Include="reader.cpp">
      <Filter>源文件</Filter>
    </ClCompile>
    <ClCompile Include="normalreader.cpp">
      <Filter>源文件</Filter>
    </ClCompile>
  </ItemGroup>
  <ItemGroup>
    <ClInclude Include="Flowa.h">
      <Filter>头文件</Filter>
    </ClInclude>
    <ClInclude Include="FlowaDlg.h">
      <Filter>头文件</Filter>
    </ClInclude>
    <ClInclude Include="Resource.h">
      <Filter>头文件</Filter>
    </ClInclude>
    <ClInclude Include="stdafx.h">
      <Filter>头文件</Filter>
    </ClInclude>
    <ClInclude Include="Subclass.h">
      <Filter>头文件</Filter>
    </ClInclude>
    <ClInclude Include="targetver.h">
      <Filter>头文件</Filter>
    </ClInclude>
    <ClInclude Include="TrayIcon.h">
      <Filter>头文件</Filter>
    </ClInclude>
    <ClInclude Include="logging.h">
      <Filter>头文件</Filter>
    </ClInclude>
    <ClInclude Include="regparse.h">
      <Filter>头文件</Filter>
    </ClInclude>
    <ClInclude Include="typedefine.h">
      <Filter>头文件</Filter>
    </ClInclude>
    <ClInclude Include="config.h">
      <Filter>头文件</Filter>
    </ClInclude>
    <ClInclude Include="fileparse.h">
      <Filter>头文件</Filter>
    </ClInclude>
    <ClInclude Include="readadapter.h">
      <Filter>头文件</Filter>
    </ClInclude>
    <ClInclude Include="adapter.h">
      <Filter>头文件</Filter>
    </ClInclude>
    <ClInclude Include="formatadapter.h">
      <Filter>头文件</Filter>
    </ClInclude>
    <ClInclude Include="contentadapter.h">
      <Filter>头文件</Filter>
    </ClInclude>
    <ClInclude Include="ncrreadadapter.h">
      <Filter>头文件</Filter>
    </ClInclude>
    <ClInclude Include="ncrformatadapter.h">
      <Filter>头文件</Filter>
    </ClInclude>
    <ClInclude Include="ncrcontentadapter.h">
      <Filter>头文件</Filter>
    </ClInclude>
    <ClInclude Include="storingadapter.h">
      <Filter>头文件</Filter>
    </ClInclude>
    <ClInclude Include="ncrstoringadapter.h">
      <Filter>头文件</Filter>
    </ClInclude>
    <ClInclude Include="xmlparse.h">
      <Filter>头文件</Filter>
    </ClInclude>
    <ClInclude Include="reader.h">
      <Filter>头文件</Filter>
    </ClInclude>
    <ClInclude Include="normalreader.h">
      <Filter>头文件</Filter>
    </ClInclude>
  </ItemGroup>
  <ItemGroup>
    <Image Include="res\Flowa.ico">
      <Filter>资源文件</Filter>
    </Image>
  </ItemGroup>
  <ItemGroup>
    <ResourceCompile Include="Flowa.rc">
      <Filter>资源文件</Filter>
    </ResourceCompile>
  </ItemGroup>
  <ItemGroup>
    <None Include="res\Flowa.rc2">
      <Filter>资源文件</Filter>
    </None>
  </ItemGroup>
  <ItemGroup>
    <Text Include="ReadMe.txt" />
  </ItemGroup>
</Project>